
Microsoft Visual Studio Solution File, Format Version 12.00
# Visual Studio Version 17
VisualStudioVersion = 17.7.34031.279
MinimumVisualStudioVersion = 10.0.40219.1
Project("{8BC9CEB8-8B4A-11D0-8D11-00A0C91BC942}") = "10_ShallowCopyDeepCopy", "10_ShallowCopyDeepCopy.vcxproj", "{5CA1A682-95F7-48EE-B798-B7ED1798A373}"
EndProject
Global
	GlobalSection(SolutionConfigurationPlatforms) = preSolution
		Debug|x64 = Debug|x64
		Debug|x86 = Debug|x86
		Release|x64 = Release|x64
		Release|x86 = Release|x86
	EndGlobalSection
	GlobalSection(ProjectConfigurationPlatforms) = postSolution
		{5CA1A682-95F7-48EE-B798-B7ED1798A373}.Debug|x64.ActiveCfg = Debug|x64
		{5CA1A682-95F7-48EE-B798-B7ED1798A373}.Debug|x64.Build.0 = Debug|x64
		{5CA1A682-95F7-48EE-B798-B7ED1798A373}.Debug|x86.ActiveCfg = Debug|Win32
		{5CA1A682-95F7-48EE-B798-B7ED1798A373}.Debug|x86.Build.0 = Debug|Win32
		{5CA1A682-95F7-48EE-B798-B7ED1798A373}.Release|x64.ActiveCfg = Release|x64
		{5CA1A682-95F7-48EE-B798-B7ED1798A373}.Release|x64.Build.0 = Release|x64
		{5CA1A682-95F7-48EE-B798-B7ED1798A373}.Release|x86.ActiveCfg = Release|Win32
		{5CA1A682-95F7-48EE-B798-B7ED1798A373}.Release|x86.Build.0 = Release|Win32
	EndGlobalSection
	GlobalSection(SolutionProperties) = preSolution
		HideSolutionNode = FALSE
	EndGlobalSection
	GlobalSection(ExtensibilityGlobals) = postSolution
		SolutionGuid = {E15B70D6-18A9-42AF-B1B8-E21855CB648F}
	EndGlobalSection
EndGlobal
