
Microsoft Visual Studio Solution File, Format Version 12.00
# Visual Studio Version 17
VisualStudioVersion = 17.7.34031.279
MinimumVisualStudioVersion = 10.0.40219.1
Project("{8BC9CEB8-8B4A-11D0-8D11-00A0C91BC942}") = "CalcSum", "CalcSum.vcxproj", "{825E95C5-2D06-4FE2-BC72-B26ED4457CF7}"
EndProject
Global
	GlobalSection(SolutionConfigurationPlatforms) = preSolution
		Debug|x64 = Debug|x64
		Debug|x86 = Debug|x86
		Release|x64 = Release|x64
		Release|x86 = Release|x86
	EndGlobalSection
	GlobalSection(ProjectConfigurationPlatforms) = postSolution
		{825E95C5-2D06-4FE2-BC72-B26ED4457CF7}.Debug|x64.ActiveCfg = Debug|x64
		{825E95C5-2D06-4FE2-BC72-B26ED4457CF7}.Debug|x64.Build.0 = Debug|x64
		{825E95C5-2D06-4FE2-BC72-B26ED4457CF7}.Debug|x86.ActiveCfg = Debug|Win32
		{825E95C5-2D06-4FE2-BC72-B26ED4457CF7}.Debug|x86.Build.0 = Debug|Win32
		{825E95C5-2D06-4FE2-BC72-B26ED4457CF7}.Release|x64.ActiveCfg = Release|x64
		{825E95C5-2D06-4FE2-BC72-B26ED4457CF7}.Release|x64.Build.0 = Release|x64
		{825E95C5-2D06-4FE2-BC72-B26ED4457CF7}.Release|x86.ActiveCfg = Release|Win32
		{825E95C5-2D06-4FE2-BC72-B26ED4457CF7}.Release|x86.Build.0 = Release|Win32
	EndGlobalSection
	GlobalSection(SolutionProperties) = preSolution
		HideSolutionNode = FALSE
	EndGlobalSection
	GlobalSection(ExtensibilityGlobals) = postSolution
		SolutionGuid = {C5ECCDFC-1AAA-4D5A-9D6C-89448D1CA6D4}
	EndGlobalSection
EndGlobal
